version = 1
revision = 3
requires-python = "==3.10.*"
resolution-markers = [
    "sys_platform == 'win32'",
]
supported-markers = [
    "sys_platform == 'win32'",
]

[[package]]
name = "absl-py"
version = "1.0.0"
source = { registry = "https://pypi.org/simple" }
dependencies = [
    { name = "six" },
]
sdist = { url = "https://files.pythonhosted.org/packages/bc/44/3ab719b4fea06882351cd9f9582c15ba5b4d376992ac40c3ed377761a172/absl-py-1.0.0.tar.gz", hash = "sha256:ac511215c01ee9ae47b19716599e8ccfa746f2e18de72bdf641b79b22afa27ea", size = 110871, upload-time = "2021-11-10T17:16:50.518Z" }
wheels = [
    { url = "https://files.pythonhosted.org/packages/2c/03/e3e19d3faf430ede32e41221b294e37952e06acc96781c417ac25d4a0324/absl_py-1.0.0-py3-none-any.whl", hash = "sha256:84e6dcdc69c947d0c13e5457d056bd43cade4c2393dce00d684aedea77ddc2a3", size = 126657, upload-time = "2021-11-10T17:16:48.972Z" },
]

[[package]]
name = "altgraph"
version = "0.17.5"
source = { registry = "https://pypi.org/simple" }
sdist = { url = "https://files.pythonhosted.org/packages/7e/f8/97fdf103f38fed6792a1601dbc16cc8aac56e7459a9fff08c812d8ae177a/altgraph-0.17.5.tar.gz", hash = "sha256:c87b395dd12fabde9c99573a9749d67da8d29ef9de0125c7f536699b4a9bc9e7", size = 48428, upload-time = "2025-11-21T20:35:50.583Z" }
wheels = [
    { url = "https://files.pythonhosted.org/packages/a9/ba/000a1996d4308bc65120167c21241a3b205464a2e0b58deda26ae8ac21d1/altgraph-0.17.5-py2.py3-none-any.whl", hash = "sha256:f3a22400bce1b0c701683820ac4f3b159cd301acab067c51c653e06961600597", size = 21228, upload-time = "2025-11-21T20:35:49.444Z" },
]

[[package]]
name = "attrs"
version = "21.2.0"
source = { registry = "https://pypi.org/simple" }
sdist = { url = "https://files.pythonhosted.org/packages/ed/d6/3ebca4ca65157c12bd08a63e20ac0bdc21ac7f3694040711f9fd073c0ffb/attrs-21.2.0.tar.gz", hash = "sha256:ef6aaac3ca6cd92904cdd0d83f629a15f18053ec84e6432106f7a4d04ae4f5fb", size = 184694, upload-time = "2021-05-07T09:32:16.271Z" }
wheels = [
    { url = "https://files.pythonhosted.org/packages/20/a9/ba6f1cd1a1517ff022b35acd6a7e4246371dfab08b8e42b829b6d07913cc/attrs-21.2.0-py2.py3-none-any.whl", hash = "sha256:149e90d6d8ac20db7a955ad60cf0e6881a3f20d37096140088356da6c716b0b1", size = 53716, upload-time = "2021-05-07T09:32:13.542Z" },
]

[[package]]
name = "cffi"
version = "2.1.1"
source = { registry = "https://pypi.org/simple" }
dependencies = [
    { name = "pycparser", marker = "implementation_name != 'PyPy'" },
]
sdist = { url = "https://files.pythonhosted.org/packages/9e/ef/008a1939e372c06329a3fce4279c02f328488f3526744906eeec3da7ad5f/cffi-2.1.1.tar.gz", hash = "sha256:dd31f52ea1086513bb9df30f8fcee9b8918323ae067a3d5b78bc826a000712be", size = 530807, upload-time = "2026-08-03T21:21:18.939Z" }
wheels = [
    { url = "https://files.pythonhosted.org/packages/99/7f/040f9e163e4acac3ee3d85b02d00b2576e7ca980d8785f0a3a5f1a9bf7f5/cffi-2.1.1-cp310-cp310-win32.whl", hash = "sha256:7ce713ace7c0e4520535b42b77eaa742c16dab813978064913e5a3cf82973b41", size = 174578, upload-time = "2026-08-03T21:19:27.338Z" },
    { url = "https://files.pythonhosted.org/packages/ba/0b/644a2ec1a4eaba49c2939410bb1eb1d25b09d6d0582f5d2f95c537043725/cffi-2.1.1-cp310-cp310-win_amd64.whl", hash = "sha256:a48d62ab9d6f4f98c983223a547af44be6ca3691074c31cecced6facd3ba2dc1", size = 185082, upload-time = "2026-08-03T21:19:28.409Z" },
]

[[package]]
name = "cycler"
version = "0.11.0"
source = { registry = "https://pypi.org/simple" }
sdist = { url = "https://files.pythonhosted.org/packages/34/45/a7caaacbfc2fa60bee42effc4bcc7d7c6dbe9c349500e04f65a861c15eb9/cycler-0.11.0.tar.gz", hash = "sha256:9c87405839a19696e837b3b818fed3f5f69f16f1eec1a1ad77e043dcea9c772f", size = 18784, upload-time = "2021-10-29T03:40:40.6Z" }
wheels = [
    { url = "https://files.pythonhosted.org/packages/5c/f9/695d6bedebd747e5eb0fe8fad57b72fdf25411273a39791cde838d5a8f51/cycler-0.11.0-py3-none-any.whl", hash = "sha256:3a27e95f763a428a739d2add979fa7494c912a32c17c4c38c4d5f082cad165a3", size = 6389, upload-time = "2021-10-29T03:40:55.14Z" },
]

[[package]]
name = "flatbuffers"
version = "25.12.19"
source = { registry = "https://pypi.org/simple" }
wheels = [
    { url = "https://files.pythonhosted.org/packages/e8/2d/d2a548598be01649e2d46231d151a6c56d10b964d94043a335ae56ea2d92/flatbuffers-25.12.19-py2.py3-none-any.whl", hash = "sha256:7634f50c427838bb021c2d66a3d1168e9d199b0607e6329399f04846d42e20b4", size = 26661, upload-time = "2025-12-19T23:16:13.622Z" },
]

[[package]]
name = "fonttools"
version = "4.28.3"
source = { registry = "https://pypi.org/simple" }
sdist = { url = "https://files.pythonhosted.org/packages/63/a2/67135688584ada5508fd8a1d0331290801f6e8c7e46612ea030e6811cda3/fonttools-4.28.3.zip", hash = "sha256:edb48922873d3fda489ab400bd40888ac239ae8070b53f494b839bcdff0d01f6", size = 4841702, upload-time = "2021-12-03T11:53:39.8Z" }
wheels = [
    { url = "https://files.pythonhosted.org/packages/7d/05/5c446faf632f1a9c386bd9a56555cbcbe6c71e6b523025a4fbde396e9d39/fonttools-4.28.3-py3-none-any.whl", hash = "sha256:ca6ecc67e5a5620d31754f92147f22f48fd5461fd3fafe6afe031aa9ee079b0f", size = 884213, upload-time = "2021-12-03T11:53:35.714Z" },
]

[[package]]
name = "kiwisolver"
version = "1.3.2"
source = { registry = "https://pypi.org/simple" }
sdist = { url = "https://files.pythonhosted.org/packages/8e/87/259fde8cf07d06677f0a749cb157d079ebd00d40fe52faaab1a882a66159/kiwisolver-1.3.2.tar.gz", hash = "sha256:fc4453705b81d03568d5b808ad8f09c77c47534f6ac2e72e733f9ca4714aa75c", size = 54611, upload-time = "2021-08-27T08:16:28.171Z" }
wheels = [
    { url = "https://files.pythonhosted.org/packages/3b/c5/2b757af23576bdc97df580c18f2c9ab9497703ad6147a9daa8822ef31e91/kiwisolver-1.3.2-cp310-cp310-win32.whl", hash = "sha256:83d2c9db5dfc537d0171e32de160461230eb14663299b7e6d18ca6dca21e4977", size = 42244, upload-time = "2021-08-27T08:15:54.639Z" },
    { url = "https://files.pythonhosted.org/packages/c7/03/a345e0219a3e41e4839bb2a2799ab2907a39bbfa54969fffef9a70d6825a/kiwisolver-1.3.2-cp310-cp310-win_amd64.whl", hash = "sha256:cba430db673c29376135e695c6e2501c44c256a81495da849e85d1793ee975ad", size = 52141, upload-time = "2021-08-27T08:15:55.878Z" },
]

[[package]]
name = "matplotlib"
version = "3.5.1"
source = { registry = "https://pypi.org/simple" }
dependencies = [
    { name = "cycler" },
    { name = "fonttools" },
    { name = "kiwisolver" },
    { name = "numpy" },
    { name = "packaging" },
    { name = "pillow" },
    { name = "pyparsing" },
    { name = "python-dateutil" },
]
sdist = { url = "https://files.pythonhosted.org/packages/8a/46/425a44ab9a71afd2f2c8a78b039c1af8ec21e370047f0ad6e43ca819788e/matplotlib-3.5.1.tar.gz", hash = "sha256:b2e9810e09c3a47b73ce9cab5a72243a1258f61e7900969097a817232246ce1c", size = 35320470, upload-time = "2021-12-11T08:21:35.461Z" }
wheels = [
    { url = "https://files.pythonhosted.org/packages/8d/95/cc5296da9658f9b6a4a9e0c64a07bcde2102129c04a841ea043b43042c5d/matplotlib-3.5.1-cp310-cp310-win32.whl", hash = "sha256:e2f28a07b4f82abb40267864ad7b3a4ed76f1b1663e81c7efc84a9b9248f672f", size = 7058383, upload-time = "2021-12-11T08:22:24.871Z" },
    { url = "https://files.pythonhosted.org/packages/42/c6/5c8c25e1821b38c325816d46bf4ad47f9c890ab87039ab2a4db4246f1960/matplotlib-3.5.1-cp310-cp310-win_amd64.whl", hash = "sha256:d70a32ee1f8b55eed3fd4e892f0286df8cccc7e0475c11d33b5d0a148f5c7599", size = 7203438, upload-time = "2021-12-11T08:22:27.632Z" },
]

[[package]]
name = "mediapipe"
version = "0.10.5"
source = { registry = "https://pypi.org/simple" }
dependencies = [
    { name = "absl-py" },
    { name = "attrs" },
    { name = "flatbuffers" },
    { name = "matplotlib" },
    { name = "numpy" },
    { name = "opencv-contrib-python" },
    { name = "protobuf" },
    { name = "sounddevice" },
]
wheels = [
    { url = "https://files.pythonhosted.org/packages/cc/d8/c77d3f50bf59e28dd1d82ac5a07770a806522848227f7f00d932b34862bf/mediapipe-0.10.5-cp310-cp310-win_amd64.whl", hash = "sha256:e83f7531a64803afe0547385c5a69ac01bd109e1b63a250dc8d30052160a8068", size = 50266774, upload-time = "2023-09-15T01:11:32.065Z" },
]

[[package]]
name = "numpy"
version = "1.21.4"
source = { registry = "https://pypi.org/simple" }
sdist = { url = "https://files.pythonhosted.org/packages/fb/48/b0708ebd7718a8933f0d3937513ef8ef2f4f04529f1f66ca86d873043921/numpy-1.21.4.zip", hash = "sha256:e6c76a87633aa3fa16614b61ccedfae45b91df2767cf097aa9c933932a7ed1e0", size = 10646392, upload-time = "2021-11-05T01:34:46.112Z" }
wheels = [
    { url = "https://files.pythonhosted.org/packages/d7/ca/ad29a6597b54b3e39495d99345eadaf86357685cfa1b71454f7120ea6716/numpy-1.21.4-cp310-cp310-win_amd64.whl", hash = "sha256:1403b4e2181fc72664737d848b60e65150f272fe5a1c1cbc16145ed43884065a", size = 14015989, upload-time = "2021-11-05T01:22:39.402Z" },
]

[[package]]
name = "opencv-contrib-python"
version = "4.5.4.60"
source = { registry = "https://pypi.org/simple" }
dependencies = [
    { name = "numpy" },
]
sdist = { url = "https://files.pythonhosted.org/packages/aa/ab/c32b79a098fddb12fb033323c75ad47ec16c1b1c2dcf3f103d5d091ccc9b/opencv-contrib-python-4.5.4.60.tar.gz", hash = "sha256:3883eab2466d2ec61599a35049f13c5388c2bb475fbf4e67256b09b9c9546adc", size = 150722998, upload-time = "2021-11-22T05:21:29.254Z" }
wheels = [
    { url = "https://files.pythonhosted.org/packages/e2/db/4d3f9ddb348372838d56d0f4dea649eb36c3aeebc2ce7ae13a477fd00f16/opencv_contrib_python-4.5.4.60-cp310-cp310-win32.whl", hash = "sha256:a420f8f655897af2b3aa3698c4316012f23aa9d97b1c1951549d77890b9fb486", size = 31737177, upload-time = "2021-11-22T05:19:38.568Z" },
    { url = "https://files.pythonhosted.org/packages/81/8a/e7a66188c35905a0d7d9eec214d92fd8216abfd023b6b315ffc94592cc42/opencv_contrib_python-4.5.4.60-cp310-cp310-win_amd64.whl", hash = "sha256:30822deccc472a41396f0c41f1bb78ba7f9be7a0570c393fb1616c074edcfdc5", size = 41957045, upload-time = "2021-11-22T05:19:44.227Z" },
]

[[package]]
name = "packaging"
version = "26.3"
source = { registry = "https://pypi.org/simple" }
sdist = { url = "https://files.pythonhosted.org/packages/7d/fa/3944b40b07da9ce895c0e6303a5ab7d53da063554f534556b134a54d6093/packaging-26.3.tar.gz", hash = "sha256:94edc256424af38762eb31306eed28beb9f0efc50a8837492c9d6fd6004aed79", size = 313412, upload-time = "2026-08-04T18:15:28.737Z" }
wheels = [
    { url = "https://files.pythonhosted.org/packages/63/34/ba1c580383c9eada3711951fef0795c80b829a078d72188184bcab9dd527/packaging-26.3-py3-none-any.whl", hash = "sha256:d7193f7c8e4e93f444fde0262bf90af30e16fa0ad0ad44cb553c87339b23cd1c", size = 129956, upload-time = "2026-08-04T18:15:27.159Z" },
]

[[package]]
name = "pandas"
version = "1.3.5"
source = { registry = "https://pypi.org/simple" }
dependencies = [
    { name = "numpy" },
    { name = "python-dateutil" },
    { name = "pytz" },
]
sdist = { url = "https://files.pythonhosted.org/packages/99/f0/f99700ef327e51d291efdf4a6de29e685c4d198cbf8531541fc84d169e0e/pandas-1.3.5.tar.gz", hash = "sha256:1e4285f5de1012de20ca46b188ccf33521bff61ba5c5ebd78b4fb28e5416a9f1", size = 4736591, upload-time = "2021-12-12T14:46:59.173Z" }
wheels = [
    { url = "https://files.pythonhosted.org/packages/68/a7/96cde70dd2723a9cb79978a390cb3de448a72baafc949ef1fce1e804dbd0/pandas-1.3.5-cp310-cp310-win_amd64.whl", hash = "sha256:aaf183a615ad790801fa3cf2fa450e5b6d23a54684fe386f7e3208f8b9bfbef6", size = 10188149, upload-time = "2021-12-12T14:40:32.159Z" },
]

[[package]]
name = "pefile"
version = "2023.2.7"
source = { registry = "https://pypi.org/simple" }
sdist = { url = "https://files.pythonhosted.org/packages/78/c5/3b3c62223f72e2360737fd2a57c30e5b2adecd85e70276879609a7403334/pefile-2023.2.7.tar.gz", hash = "sha256:82e6114004b3d6911c77c3953e3838654b04511b8b66e8583db70c65998017dc", size = 74854, upload-time = "2023-02-07T12:23:55.958Z" }
wheels = [
    { url = "https://files.pythonhosted.org/packages/55/26/d0ad8b448476d0a1e8d3ea5622dc77b916db84c6aa3cb1e1c0965af948fc/pefile-2023.2.7-py3-none-any.whl", hash = "sha256:da185cd2af68c08a6cd4481f7325ed600a88f6a813bad9dea07ab3ef73d8d8d6", size = 71791, upload-time = "2023-02-07T12:28:36.678Z" },
]

[[package]]
name = "pillow"
version = "8.4.0"
source = { registry = "https://pypi.org/simple" }
sdist = { url = "https://files.pythonhosted.org/packages/7d/2a/2fc11b54e2742db06297f7fa7f420a0e3069fdcf0e4b57dfec33f0b08622/Pillow-8.4.0.tar.gz", hash = "sha256:b8e2f83c56e141920c39464b852de3719dfbfb6e3c99a2d8da0edf4fb33176ed", size = 49368411, upload-time = "2021-10-15T08:11:38.847Z" }
wheels = [
    { url = "https://files.pythonhosted.org/packages/f3/36/c07d41f5116ebc65068d9270361ad04e3c2deae04ab046281be89a255388/Pillow-8.4.0-cp310-cp310-win32.whl", hash = "sha256:e3dacecfbeec9a33e932f00c6cd7996e62f53ad46fbe677577394aaa90ee419a", size = 2787486, upload-time = "2021-10-15T08:10:26.406Z" },
    { url = "https://files.pythonhosted.org/packages/ad/58/32dad5c13911e0ec18b0bc2b0c3c2111e771f496e089525f8dd0dc99e0f8/Pillow-8.4.0-cp310-cp310-win_amd64.whl", hash = "sha256:620582db2a85b2df5f8a82ddeb52116560d7e5e6b055095f04ad828d1b0baa39", size = 3231397, upload-time = "2021-10-15T08:10:29.105Z" },
]

[[package]]
name = "protobuf"
version = "3.20.0"
source = { registry = "https://pypi.org/simple" }
sdist = { url = "https://files.pythonhosted.org/packages/6d/3e/40c56d21154a1f3ababb69f675333d7fb70c8293f9ca42ea3e448327fc50/protobuf-3.20.0.tar.gz", hash = "sha256:71b2c3d1cd26ed1ec7c8196834143258b2ad7f444efff26fdc366c6f5e752702", size = 216509, upload-time = "2022-04-01T18:26:17.992Z" }
wheels = [
    { url = "https://files.pythonhosted.org/packages/e0/e3/6ea01d64c981b81e0f65b68ea3d022aa870f3fd4be6845f4d02c1f64cb86/protobuf-3.20.0-cp310-cp310-win32.whl", hash = "sha256:0b250c60256c8824219352dc2a228a6b49987e5bf94d3ffcf4c46585efcbd499", size = 779973, upload-time = "2022-04-01T18:21:40.421Z" },
    { url = "https://files.pythonhosted.org/packages/10/fe/280a6ffbe14a1ac458b741591de43a9ae212a3fe088812ad03eb9a4b10ae/protobuf-3.20.0-cp310-cp310-win_amd64.whl", hash = "sha256:a1eebb6eb0653e594cb86cd8e536b9b083373fca9aba761ade6cd412d46fb2ab", size = 903844, upload-time = "2022-04-01T18:21:43.534Z" },
    { url = "https://files.pythonhosted.org/packages/ae/80/9eaa62a2afcc5407a6b7d2652c208f073df3a5c83b5bff90bf99553fbcf2/protobuf-3.20.0-py2.py3-none-any.whl", hash = "sha256:4eda68bd9e2a4879385e6b1ea528c976f59cd9728382005cc54c28bcce8db983", size = 162127, upload-time = "2022-04-01T18:26:16.304Z" },
]

[[package]]
name = "pycparser"
version = "3.0"
source = { registry = "https://pypi.org/simple" }
sdist = { url = "https://files.pythonhosted.org/packages/1b/7d/92392ff7815c21062bea51aa7b87d45576f649f16458d78b7cf94b9ab2e6/pycparser-3.0.tar.gz", hash = "sha256:600f49d217304a5902ac3c37e1281c9fe94e4d0489de643a9504c5cdfdfc6b29", size = 103492, upload-time = "2026-01-21T14:26:51.89Z" }
wheels = [
    { url = "https://files.pythonhosted.org/packages/0c/c3/44f3fbbfa403ea2a7c779186dc20772604442dde72947e7d01069cbe98e3/pycparser-3.0-py3-none-any.whl", hash = "sha256:b727414169a36b7d524c1c3e31839a521725078d7b2ff038656844266160a992", size = 48172, upload-time = "2026-01-21T14:26:50.693Z" },
]

[[package]]
name = "pygame"
version = "2.1.0"
source = { registry = "https://pypi.org/simple" }
sdist = { url = "https://files.pythonhosted.org/packages/7c/c0/57f9709e2e542a6af8fe4623627a74329869cdc21f03486f521c7b90fc57/pygame-2.1.0.tar.gz", hash = "sha256:232e51104db0e573221660d172af8e6fc2c0fda183c5dbf2aa52170f29aa9ec9", size = 5790847, upload-time = "2021-11-07T10:05:10.699Z" }
wheels = [
    { url = "https://files.pythonhosted.org/packages/93/1a/0ef02e516ca7a317678cf739f911f47fc8afb0ff0765541488e94de1edd5/pygame-2.1.0-cp310-cp310-win32.whl", hash = "sha256:e9368c105a8bccc8adfe7fd7fa5220d2b6c03979a3a57a8178c42f6fa9914ebc", size = 4463671, upload-time = "2021-11-07T09:57:37.36Z" },
    { url = "https://files.pythonhosted.org/packages/e0/ce/1215d864989d25cb7b234759ce6a760813dffe2e707df7f8e3e748538ba0/pygame-2.1.0-cp310-cp310-win_amd64.whl", hash = "sha256:9a81d057a7dea95850e44118f141a892fde93c938ccb08fbc5dd7f1a26c2f1fe", size = 4795012, upload-time = "2021-11-07T10:05:02.021Z" },
]

[[package]]
name = "pyinstaller"
version = "6.16.0"
source = { registry = "https://pypi.org/simple" }
dependencies = [
    { name = "altgraph" },
    { name = "packaging" },
    { name = "pefile" },
    { name = "pyinstaller-hooks-contrib" },
    { name = "pywin32-ctypes" },
    { name = "setuptools" },
]
sdist = { url = "https://files.pythonhosted.org/packages/94/94/1f62e95e4a28b64cfbb5b922ef3046f968b47170d37a1e1a029f56ac9cb4/pyinstaller-6.16.0.tar.gz", hash = "sha256:53559fe1e041a234f2b4dcc3288ea8bdd57f7cad8a6644e422c27bb407f3edef", size = 4008473, upload-time = "2025-09-13T20:07:01.733Z" }
wheels = [
    { url = "https://files.pythonhosted.org/packages/a3/14/cabe9bc5f60b95d2e70e7d045ab94b0015ff8f6c8b16e2142d3597e30749/pyinstaller-6.16.0-py3-none-win32.whl", hash = "sha256:6d5f8617f3650ff9ef893e2ab4ddbf3c0d23d0c602ef74b5df8fbef4607840c8", size = 1313878, upload-time = "2025-09-13T20:06:33.234Z" },
    { url = "https://files.pythonhosted.org/packages/aa/99/2005efbc297e7813c1d6f18484aa94a1a81ce87b6a5b497c563681f4c4ea/pyinstaller-6.16.0-py3-none-win_amd64.whl", hash = "sha256:bc10eb1a787f99fea613509f55b902fbd2d8b73ff5f51ff245ea29a481d97d41", size = 1374706, upload-time = "2025-09-13T20:06:39.95Z" },
    { url = "https://files.pythonhosted.org/packages/ca/f4/4dfcf69b86d60fcaae05a42bbff1616d48a91e71726e5ed795d773dae9b3/pyinstaller-6.16.0-py3-none-win_arm64.whl", hash = "sha256:d0af8a401de792c233c32c44b16d065ca9ab8262ee0c906835c12bdebc992a64", size = 1315923, upload-time = "2025-09-13T20:06:45.846Z" },
]

[[package]]
name = "pyinstaller-hooks-contrib"
version = "2026.7"
source = { registry = "https://pypi.org/simple" }
dependencies = [
    { name = "packaging" },
]
sdist = { url = "https://files.pythonhosted.org/packages/26/60/d881fa1ba8c160c18d8e6f782bb16ec4640c08bc08fc50f704c368ad4f9e/pyinstaller_hooks_contrib-2026.7.tar.gz", hash = "sha256:5fbcaacb22c4f4aac869a127dce283f67a4b4cfcc37d496f2446603e6d68aefa", size = 175992, upload-time = "2026-08-24T21:26:58.713Z" }
wheels = [
    { url = "https://files.pythonhosted.org/packages/0a/67/350377af7b50416344ab8792756d414eef7629c618a73e9a0b13bb1552d9/pyinstaller_hooks_contrib-2026.7-py3-none-any.whl", hash = "sha256:24257a04c7a5a7a034cf28e39dcee20fbeeb9f043076729480f2e1b69904408a", size = 459445, upload-time = "2026-08-24T21:26:57.274Z" },
]

[[package]]
name = "pyparsing"
version = "3.0.6"
source = { registry = "https://pypi.org/simple" }
sdist = { url = "https://files.pythonhosted.org/packages/ab/61/1a1613e3dcca483a7aa9d446cb4614e6425eb853b90db131c305bd9674cb/pyparsing-3.0.6.tar.gz", hash = "sha256:d9bdec0013ef1eb5a84ab39a3b3868911598afa494f5faa038647101504e2b81", size = 882365, upload-time = "2021-11-12T16:35:58.788Z" }
wheels = [
    { url = "https://files.pythonhosted.org/packages/a0/34/895006117f6fce0b4de045c87e154ee4a20c68ec0a4c9a36d900888fb6bc/pyparsing-3.0.6-py3-none-any.whl", hash = "sha256:04ff808a5b90911829c55c4e26f75fa5ca8a2f5f36aa3a51f68e27033341d3e4", size = 97646, upload-time = "2021-11-12T16:35:56.994Z" },
]

[[package]]
name = "python-dateutil"
version = "2.8.2"
source = { registry = "https://pypi.org/simple" }
dependencies = [
    { name = "six" },
]
sdist = { url = "https://files.pythonhosted.org/packages/4c/c4/13b4776ea2d76c115c1d1b84579f3764ee6d57204f6be27119f13a61d0a9/python-dateutil-2.8.2.tar.gz", hash = "sha256:0123cacc1627ae19ddf3c27a5de5bd67ee4586fbdd6440d9748f8abb483d3e86", size = 357324, upload-time = "2021-07-14T08:19:19.783Z" }
wheels = [
    { url = "https://files.pythonhosted.org/packages/36/7a/87837f39d0296e723bb9b62bbb257d0355c7f6128853c78955f57342a56d/python_dateutil-2.8.2-py2.py3-none-any.whl", hash = "sha256:961d03dc3453ebbc59dbdea9e4e11c5651520a876d0f4db161e8674aae935da9", size = 247702, upload-time = "2021-07-14T08:19:18.161Z" },
]

[[package]]
name = "pytz"
version = "2021.3"
source = { registry = "https://pypi.org/simple" }
sdist = { url = "https://files.pythonhosted.org/packages/e3/8e/1cde9d002f48a940b9d9d38820aaf444b229450c0854bdf15305ce4a3d1a/pytz-2021.3.tar.gz", hash = "sha256:acad2d8b20a1af07d4e4c9d2e9285c5ed9104354062f275f3fcd88dcef4f1326", size = 320512, upload-time = "2021-10-02T03:56:32.818Z" }
wheels = [
    { url = "https://files.pythonhosted.org/packages/d3/e3/d9f046b5d1c94a3aeab15f1f867aa414f8ee9d196fae6865f1d6a0ee1a0b/pytz-2021.3-py2.py3-none-any.whl", hash = "sha256:3672058bc3453457b622aab7a1c3bfd5ab0bdae451512f6cf25f64ed37f5b87c", size = 503471, upload-time = "2021-10-02T03:56:30.247Z" },
]

[[package]]
name = "pywin32-ctypes"
version = "0.2.3"
source = { registry = "https://pypi.org/simple" }
sdist = { url = "https://files.pythonhosted.org/packages/85/9f/01a1a99704853cb63f253eea009390c88e7131c67e66a0a02099a8c917cb/pywin32-ctypes-0.2.3.tar.gz", hash = "sha256:d162dc04946d704503b2edc4d55f3dba5c1d539ead017afa00142c38b9885755", size = 29471, upload-time = "2024-08-14T10:15:34.626Z" }
wheels = [
    { url = "https://files.pythonhosted.org/packages/de/3d/8161f7711c017e01ac9f008dfddd9410dff3674334c233bde66e7ba65bbf/pywin32_ctypes-0.2.3-py3-none-any.whl", hash = "sha256:8a1513379d709975552d202d942d9837758905c8d01eb82b8bcc30918929e7b8", size = 30756, upload-time = "2024-08-14T10:15:33.187Z" },
]

[[package]]
name = "screeninfo"
version = "0.8.1"
source = { registry = "https://pypi.org/simple" }
sdist = { url = "https://files.pythonhosted.org/packages/ec/bb/e69e5e628d43f118e0af4fc063c20058faa8635c95a1296764acc8167e27/screeninfo-0.8.1.tar.gz", hash = "sha256:9983076bcc7e34402a1a9e4d7dabf3729411fd2abb3f3b4be7eba73519cd2ed1", size = 10666, upload-time = "2022-09-09T11:35:23.419Z" }
wheels = [
    { url = "https://files.pythonhosted.org/packages/6e/bf/c5205d480307bef660e56544b9e3d7ff687da776abb30c9cb3f330887570/screeninfo-0.8.1-py3-none-any.whl", hash = "sha256:e97d6b173856edcfa3bd282f81deb528188aff14b11ec3e195584e7641be733c", size = 12907, upload-time = "2022-09-09T11:35:21.351Z" },
]

[[package]]
name = "setuptools"
version = "69.5.1"
source = { registry = "https://pypi.org/simple" }
sdist = { url = "https://files.pythonhosted.org/packages/d6/4f/b10f707e14ef7de524fe1f8988a294fb262a29c9b5b12275c7e188864aed/setuptools-69.5.1.tar.gz", hash = "sha256:6c1fccdac05a97e598fb0ae3bbed5904ccb317337a51139dcd51453611bbb987", size = 2291314, upload-time = "2024-04-13T21:06:28.589Z" }
wheels = [
    { url = "https://files.pythonhosted.org/packages/f7/29/13965af254e3373bceae8fb9a0e6ea0d0e571171b80d6646932131d6439b/setuptools-69.5.1-py3-none-any.whl", hash = "sha256:c636ac361bc47580504644275c9ad802c50415c7522212252c033bd15f301f32", size = 894566, upload-time = "2024-04-13T21:06:23.256Z" },
]

[[package]]
name = "six"
version = "1.16.0"
source = { registry = "https://pypi.org/simple" }
sdist = { url = "https://files.pythonhosted.org/packages/71/39/171f1c67cd00715f190ba0b100d606d440a28c93c7714febeca8b79af85e/six-1.16.0.tar.gz", hash = "sha256:1e61c37477a1626458e36f7b1d82aa5c9b094fa4802892072e49de9c60c4c926", size = 34041, upload-time = "2021-05-05T14:18:18.379Z" }
wheels = [
    { url = "https://files.pythonhosted.org/packages/d9/5a/e7c31adbe875f2abbb91bd84cf2dc52d792b5a01506781dbcf25c91daf11/six-1.16.0-py2.py3-none-any.whl", hash = "sha256:8abb2f1d86890a2dfb989f9a77cfcfd3e47c2a354b01111771326f8aa26e0254", size = 11053, upload-time = "2021-05-05T14:18:17.237Z" },
]

[[package]]
name = "sounddevice"
version = "0.5.6"
source = { registry = "https://pypi.org/simple" }
dependencies = [
    { name = "cffi" },
]
sdist = { url = "https://files.pythonhosted.org/packages/ec/db/0c890e2d9aab9ba284021efc02e1d3aebfecab1b611762d7434602209bcf/sounddevice-0.5.6.tar.gz", hash = "sha256:8ec9fbfde2e32f020b167e348f3ab3bac6625a5f15af524d790108ac7147a410", size = 1120094, upload-time = "2026-08-17T07:55:05.048Z" }
wheels = [
    { url = "https://files.pythonhosted.org/packages/72/1f/62eef605172bddc1017508469a12f75bc7c4194ece35c734f822795f53b1/sounddevice-0.5.6-py3-none-any.whl", hash = "sha256:de099612311ad81e55d31ccbd83f43ea6bf4d87b48f9b6ea55a1fbcde0eee4e0", size = 32793, upload-time = "2026-08-17T07:54:57.507Z" },
    { url = "https://files.pythonhosted.org/packages/c5/6f/6292145099f72a153a710245f46ae43e5fb6c77bec1b6086cb76c12dc280/sounddevice-0.5.6-py3-none-win32.whl", hash = "sha256:b36b807eb02abd257198bf84b2af05e4fea199a9d2f0019014169c7136d45e9c", size = 1009627, upload-time = "2026-08-17T07:55:00.401Z" },
    { url = "https://files.pythonhosted.org/packages/8d/3e/cbc593c31a5f0d817b3fe97e64aa8461bd0f55cb07b67ce1b776296ae336/sounddevice-0.5.6-py3-none-win_amd64.whl", hash = "sha256:7f4162f514f007b0bf25a3ccfed3f1705bc2ec311888a90232729eec4f57a4f4", size = 1009630, upload-time = "2026-08-17T07:55:02.088Z" },
    { url = "https://files.pythonhosted.org/packages/60/a4/b0c21c9f215a6fd9606b8f8748c21212dc098e5d5a2d93068c50edcf19b4/sounddevice-0.5.6-py3-none-win_arm64.whl", hash = "sha256:c8ae19173e5f27f8c12d4b5eee2dbfe542cee125d591e663e0fb4dfb75246d45", size = 1009630, upload-time = "2026-08-17T07:55:03.689Z" },
]

[[package]]
name = "t-tea"
version = "1.4.1"
source = { virtual = "." }
dependencies = [
    { name = "absl-py" },
    { name = "attrs" },
    { name = "cycler" },
    { name = "fonttools" },
    { name = "kiwisolver" },
    { name = "matplotlib" },
    { name = "mediapipe" },
    { name = "numpy" },
    { name = "opencv-contrib-python" },
    { name = "pandas" },
    { name = "pillow" },
    { name = "protobuf" },
    { name = "pygame" },
    { name = "pyparsing" },
    { name = "python-dateutil" },
    { name = "pytz" },
    { name = "screeninfo" },
    { name = "six" },
]

[package.dev-dependencies]
build = [
    { name = "pyinstaller" },
]

[package.metadata]
requires-dist = [
    { name = "absl-py", specifier = "==1.0.0" },
    { name = "attrs", specifier = "==21.2.0" },
    { name = "cycler", specifier = "==0.11.0" },
    { name = "fonttools", specifier = "==4.28.3" },
    { name = "kiwisolver", specifier = "==1.3.2" },
    { name = "matplotlib", specifier = "==3.5.1" },
    { name = "mediapipe", specifier = "==0.10.5" },
    { name = "numpy", specifier = "==1.21.4" },
    { name = "opencv-contrib-python", specifier = "==4.5.4.60" },
    { name = "pandas", specifier = "==1.3.5" },
    { name = "pillow", specifier = "==8.4.0" },
    { name = "protobuf", specifier = "==3.20" },
    { name = "pygame", specifier = "==2.1.0" },
    { name = "pyparsing", specifier = "==3.0.6" },
    { name = "python-dateutil", specifier = "==2.8.2" },
    { name = "pytz", specifier = "==2021.3" },
    { name = "screeninfo", specifier = "==0.8.1" },
    { name = "six", specifier = "==1.16.0" },
]

[package.metadata.requires-dev]
build = [{ name = "pyinstaller", specifier = "==6.16.0" }]
